
Microsoft Visual Studio Solution File, Format Version 12.00
# Visual Studio 15
VisualStudioVersion = 15.0.28307.852
MinimumVisualStudioVersion = 10.0.40219.1
Project("{E24C65DC-7377-472B-9ABA-BC803B73C61A}") = "PyramidWordWebService", "PyramidWordWebService", "{E599DC47-5C81-4C77-924C-6AE7A531F466}"
	ProjectSection(WebsiteProperties) = preProject
		TargetFrameworkMoniker = ".NETFramework,Version%3Dv4.6.1"
		Debug.AspNetCompiler.VirtualPath = "/localhost_54954"
		Debug.AspNetCompiler.PhysicalPath = "PyramidWordWebService\"
		Debug.AspNetCompiler.TargetPath = "PrecompiledWeb\localhost_54954\"
		Debug.AspNetCompiler.Updateable = "true"
		Debug.AspNetCompiler.ForceOverwrite = "true"
		Debug.AspNetCompiler.FixedNames = "false"
		Debug.AspNetCompiler.Debug = "True"
		Release.AspNetCompiler.VirtualPath = "/localhost_54954"
		Release.AspNetCompiler.PhysicalPath = "PyramidWordWebService\"
		Release.AspNetCompiler.TargetPath = "PrecompiledWeb\localhost_54954\"
		Release.AspNetCompiler.Updateable = "true"
		Release.AspNetCompiler.ForceOverwrite = "true"
		Release.AspNetCompiler.FixedNames = "false"
		Release.AspNetCompiler.Debug = "False"
		VWDPort = "54954"
		SlnRelativePath = "PyramidWordWebService\"
		DefaultWebSiteLanguage = "Visual C#"
	EndProjectSection
EndProject
Global
	GlobalSection(SolutionConfigurationPlatforms) = preSolution
		Debug|Any CPU = Debug|Any CPU
	EndGlobalSection
	GlobalSection(ProjectConfigurationPlatforms) = postSolution
		{E599DC47-5C81-4C77-924C-6AE7A531F466}.Debug|Any CPU.ActiveCfg = Debug|Any CPU
		{E599DC47-5C81-4C77-924C-6AE7A531F466}.Debug|Any CPU.Build.0 = Debug|Any CPU
	EndGlobalSection
	GlobalSection(SolutionProperties) = preSolution
		HideSolutionNode = FALSE
	EndGlobalSection
	GlobalSection(ExtensibilityGlobals) = postSolution
		SolutionGuid = {04A3E832-4460-4903-86F0-72DBDE7F5C4B}
	EndGlobalSection
EndGlobal
